<Solution>
  <Folder Name="/Mods/">
    <Project Path="Mods/Memoria/Memoria.proj" Type="13B669BE-BB05-4DDF-9536-439F39A36129" DisplayName="Memoria" />
    <Project Path="Mods/EventScriptInjector/EventScriptInjector.proj" Type="13B669BE-BB05-4DDF-9536-439F39A36129" DisplayName="EventScriptInjector" />
    <Project Path="Mods/ConfigurationManager/ConfigurationManager.proj" Type="13B669BE-BB05-4DDF-9536-439F39A36129" DisplayName="ConfigurationManager" />
    <Project Path="Mods/LootingSystemEnhanced/LootingSystemEnhanced.proj" Type="13B669BE-BB05-4DDF-9536-439F39A36129" DisplayName="LootingSystemEnhanced" />
    <Project Path="Mods/CompanionManager/CompanionManager.proj" Type="13B669BE-BB05-4DDF-9536-439F39A36129" DisplayName="CompanionManager" />
    <Project Path="Mods/TacticsArchitect/TacticsArchitect.proj" Type="13B669BE-BB05-4DDF-9536-439F39A36129" DisplayName="TacticsArchitect" />
    <Project Path="Mods/InventoryOrganizer/InventoryOrganizer.proj" Type="13B669BE-BB05-4DDF-9536-439F39A36129" DisplayName="InventoryOrganizer" />
    <Project Path="Mods/DebugTools/DebugTools.proj" Type="13B669BE-BB05-4DDF-9536-439F39A36129" DisplayName="DebugTools" />
  </Folder>
  <Folder Name="/Tools/">
    <Project Path="Tools/Toolset/Memoria.NeverwinterNights.Toolset.csproj" />
  </Folder>
</Solution>
